// !$*UTF8*$!
{
	archiveVersion = 1;
	classes = {
	};
	objectVersion = 46;
	objects = {

/* Begin PBXBuildFile section */
		37B3FC261CD24F5E00E8586E /* AppDelegate.swift in Sources */ = {isa = PBXBuildFile; fileRef = 37B3FC251CD24F5E00E8586E /* AppDelegate.swift */; };
		37B3FC281CD24F5E00E8586E /* ViewController.swift in Sources */ = {isa = PBXBuildFile; fileRef = 37B3FC271CD24F5E00E8586E /* ViewController.swift */; };
		37B3FC2B1CD24F5E00E8586E /* Main.storyboard in Resources */ = {isa = PBXBuildFile; fileRef = 37B3FC291CD24F5E00E8586E /* Main.storyboard */; };
		37B3FC2D1CD24F5E00E8586E /* Assets.xcassets in Resources */ = {isa = PBXBuildFile; fileRef = 37B3FC2C1CD24F5E00E8586E /* Assets.xcassets */; };
		37B3FC301CD24F5E00E8586E /* LaunchScreen.storyboard in Resources */ = {isa = PBXBuildFile; fileRef = 37B3FC2E1CD24F5E00E8586E /* LaunchScreen.storyboard */; };
		37B3FC391CD2567B00E8586E /* CalculatorBrain.swift in Sources */ = {isa = PBXBuildFile; fileRef = 37B3FC381CD2567B00E8586E /* CalculatorBrain.swift */; };
/* End PBXBuildFile section */

/* Begin PBXFileReference section */
		37B3FC221CD24F5E00E8586E /* finalCalculator.app */ = {isa = PBXFileReference; explicitFileType = wrapper.application; includeInIndex = 0; path = finalCalculator.app; sourceTree = BUILT_PRODUCTS_DIR; };
		37B3FC251CD24F5E00E8586E /* AppDelegate.swift */ = {isa = PBXFileReference; lastKnownFileType = sourcecode.swift; path = AppDelegate.swift; sourceTree = "<group>"; };
		37B3FC271CD24F5E00E8586E /* ViewController.swift */ = {isa = PBXFileReference; lastKnownFileType = sourcecode.swift; path = ViewController.swift; sourceTree = "<group>"; };
		37B3FC2A1CD24F5E00E8586E /* Base */ = {isa = PBXFileReference; lastKnownFileType = file.storyboard; name = Base; path = Base.lproj/Main.storyboard; sourceTree = "<group>"; };
		37B3FC2C1CD24F5E00E8586E /* Assets.xcassets */ = {isa = PBXFileReference; lastKnownFileType = folder.assetcatalog; path = Assets.xcassets; sourceTree = "<group>"; };
		37B3FC2F1CD24F5E00E8586E /* Base */ = {isa = PBXFileReference; lastKnownFileType = file.storyboard; name = Base; path = Base.lproj/LaunchScreen.storyboard; sourceTree = "<group>"; };
		37B3FC311CD24F5E00E8586E /* Info.plist */ = {isa = PBXFileReference; lastKnownFileType = text.plist.xml; path = Info.plist; sourceTree = "<group>"; };
		37B3FC381CD2567B00E8586E /* CalculatorBrain.swift */ = {isa = PBXFileReference; fileEncoding = 4; lastKnownFileType = sourcecode.swift; path = CalculatorBrain.swift; sourceTree = "<group>"; };
/* End PBXFileReference section */

/* Begin PBXFrameworksBuildPhase section */
		37B3FC1F1CD24F5E00E8586E /* Frameworks */ = {
			isa = PBXFrameworksBuildPhase;
			buildActionMask = 2147483647;
			files = (
			);
			runOnlyForDeploymentPostprocessing = 0;
		};
/* End PBXFrameworksBuildPhase section */

/* Begin PBXGroup section */
		37B3FC191CD24F5E00E8586E = {
			isa = PBXGroup;
			children = (
				37B3FC241CD24F5E00E8586E /* finalCalculator */,
				37B3FC231CD24F5E00E8586E /* Products */,
			);
			sourceTree = "<group>";
		};
		37B3FC231CD24F5E00E8586E /* Products */ = {
			isa = PBXGroup;
			children = (
				37B3FC221CD24F5E00E8586E /* finalCalculator.app */,
			);
			name = Products;
			sourceTree = "<group>";
		};
		37B3FC241CD24F5E00E8586E /* finalCalculator */ = {
			isa = PBXGroup;
			children = (
				37B3FC271CD24F5E00E8586E /* ViewController.swift */,
				37B3FC291CD24F5E00E8586E /* Main.storyboard */,
				37B3FC371CD24F6C00E8586E /* Other Files */,
				37B3FC381CD2567B00E8586E /* CalculatorBrain.swift */,
			);
			path = finalCalculator;
			sourceTree = "<group>";
		};
		37B3FC371CD24F6C00E8586E /* Other Files */ = {
			isa = PBXGroup;
			children = (
				37B3FC251CD24F5E00E8586E /* AppDelegate.swift */,
				37B3FC2C1CD24F5E00E8586E /* Assets.xcassets */,
				37B3FC2E1CD24F5E00E8586E /* LaunchScreen.storyboard */,
				37B3FC311CD24F5E00E8586E /* Info.plist */,
			);
			name = "Other Files";
			sourceTree = "<group>";
		};
/* End PBXGroup section */

/* Begin PBXNativeTarget section */
		37B3FC211CD24F5E00E8586E /* finalCalculator */ = {
			isa = PBXNativeTarget;
			buildConfigurationList = 37B3FC341CD24F5E00E8586E /* Build configuration list for PBXNativeTarget "finalCalculator" */;
			buildPhases = (
				37B3FC1E1CD24F5E00E8586E /* Sources */,
				37B3FC1F1CD24F5E00E8586E /* Frameworks */,
				37B3FC201CD24F5E00E8586E /* Resources */,
			);
			buildRules = (
			);
			dependencies = (
			);
			name = finalCalculator;
			productName = finalCalculator;
			productReference = 37B3FC221CD24F5E00E8586E /* finalCalculator.app */;
			productType = "com.apple.product-type.application";
		};
/* End PBXNativeTarget section */

/* Begin PBXProject section */
		37B3FC1A1CD24F5E00E8586E /* Project object */ = {
			isa = PBXProject;
			attributes = {
				LastSwiftUpdateCheck = 0730;
				LastUpgradeCheck = 0730;
				ORGANIZATIONNAME = "Dan Heaford";
				TargetAttributes = {
					37B3FC211CD24F5E00E8586E = {
						CreatedOnToolsVersion = 7.3;
						DevelopmentTeam = QR996Z527X;
					};
				};
			};
			buildConfigurationList = 37B3FC1D1CD24F5E00E8586E /* Build configuration list for PBXProject "finalcalculator2" */;
			compatibilityVersion = "Xcode 3.2";
			developmentRegion = English;
			hasScannedForEncodings = 0;
			knownRegions = (
				en,
				Base,
			);
			mainGroup = 37B3FC191CD24F5E00E8586E;
			productRefGroup = 37B3FC231CD24F5E00E8586E /* Products */;
			projectDirPath = "";
			projectRoot = "";
			targets = (
				37B3FC211CD24F5E00E8586E /* finalCalculator */,
			);
		};
/* End PBXProject section */

/* Begin PBXResourcesBuildPhase section */
		37B3FC201CD24F5E00E8586E /* Resources */ = {
			isa = PBXResourcesBuildPhase;
			buildActionMask = 2147483647;
			files = (
				37B3FC301CD24F5E00E8586E /* LaunchScreen.storyboard in Resources */,
				37B3FC2D1CD24F5E00E8586E /* Assets.xcassets in Resources */,
				37B3FC2B1CD24F5E00E8586E /* Main.storyboard in Resources */,
			);
			runOnlyForDeploymentPostprocessing = 0;
		};
/* End PBXResourcesBuildPhase section */

/* Begin PBXSourcesBuildPhase section */
		37B3FC1E1CD24F5E00E8586E /* Sources */ = {
			isa = PBXSourcesBuildPhase;
			buildActionMask = 2147483647;
			files = (
				37B3FC391CD2567B00E8586E /* CalculatorBrain.swift in Sources */,
				37B3FC281CD24F5E00E8586E /* ViewController.swift in Sources */,
				37B3FC261CD24F5E00E8586E /* AppDelegate.swift in Sources */,
			);
			runOnlyForDeploymentPostprocessing = 0;
		};
/* End PBXSourcesBuildPhase section */

/* Begin PBXVariantGroup section */
		37B3FC291CD24F5E00E8586E /* Main.storyboard */ = {
			isa = PBXVariantGroup;
			children = (
				37B3FC2A1CD24F5E00E8586E /* Base */,
			);
			name = Main.storyboard;
			sourceTree = "<group>";
		};
		37B3FC2E1CD24F5E00E8586E /* LaunchScreen.storyboard */ = {
			isa = PBXVariantGroup;
			children = (
				37B3FC2F1CD24F5E00E8586E /* Base */,
			);
			name = LaunchScreen.storyboard;
			sourceTree = "<group>";
		};
/* End PBXVariantGroup section */

/* Begin XCBuildConfiguration section */
		37B3FC321CD24F5E00E8586E /* Debug */ = {
			isa = XCBuildConfiguration;
			buildSettings = {
				ALWAYS_SEARCH_USER_PATHS = NO;
				CLANG_ANALYZER_NONNULL = YES;
				CLANG_CXX_LANGUAGE_STANDARD = "gnu++0x";
				CLANG_CXX_LIBRARY = "libc++";
				CLANG_ENABLE_MODULES = YES;
				CLANG_ENABLE_OBJC_ARC = YES;
				CLANG_WARN_BOOL_CONVERSION = YES;
				CLANG_WARN_CONSTANT_CONVERSION = YES;
				CLANG_WARN_DIRECT_OBJC_ISA_USAGE = YES_ERROR;
				CLANG_WARN_EMPTY_BODY = YES;
				CLANG_WARN_ENUM_CONVERSION = YES;
				CLANG_WARN_INT_CONVERSION = YES;
				CLANG_WARN_OBJC_ROOT_CLASS = YES_ERROR;
				CLANG_WARN_UNREACHABLE_CODE = YES;
				CLANG_WARN__DUPLICATE_METHOD_MATCH = YES;
				"CODE_SIGN_IDENTITY[sdk=iphoneos*]" = "iPhone Developer";
				COPY_PHASE_STRIP = NO;
				DEBUG_INFORMATION_FORMAT = dwarf;
				ENABLE_STRICT_OBJC_MSGSEND = YES;
				ENABLE_TESTABILITY = YES;
				GCC_C_LANGUAGE_STANDARD = gnu99;
				GCC_DYNAMIC_NO_PIC = NO;
				GCC_NO_COMMON_BLOCKS = YES;
				GCC_OPTIMIZATION_LEVEL = 0;
				GCC_PREPROCESSOR_DEFINITIONS = (
					"DEBUG=1",
					"$(inherited)",
				);
				GCC_WARN_64_TO_32_BIT_CONVERSION = YES;
				GCC_WARN_ABOUT_RETURN_TYPE = YES_ERROR;
				GCC_WARN_UNDECLARED_SELECTOR = YES;
				GCC_WARN_UNINITIALIZED_AUTOS = YES_AGGRESSIVE;
				GCC_WARN_UNUSED_FUNCTION = YES;
				GCC_WARN_UNUSED_VARIABLE = YES;
				IPHONEOS_DEPLOYMENT_TARGET = 9.3;
				MTL_ENABLE_DEBUG_INFO = YES;
				ONLY_ACTIVE_ARCH = YES;
				SDKROOT = iphoneos;
				SWIFT_OPTIMIZATION_LEVEL = "-Onone";
			};
			name = Debug;
		};
		37B3FC331CD24F5E00E8586E /* Release */ = {
			isa = XCBuildConfiguration;
			buildSettings = {
				ALWAYS_SEARCH_USER_PATHS = NO;
				CLANG_ANALYZER_NONNULL = YES;
				CLANG_CXX_LANGUAGE_STANDARD = "gnu++0x";
				CLANG_CXX_LIBRARY = "libc++";
				CLANG_ENABLE_MODULES = YES;
				CLANG_ENABLE_OBJC_ARC = YES;
				CLANG_WARN_BOOL_CONVERSION = YES;
				CLANG_WARN_CONSTANT_CONVERSION = YES;
				CLANG_WARN_DIRECT_OBJC_ISA_USAGE = YES_ERROR;
				CLANG_WARN_EMPTY_BODY = YES;
				CLANG_WARN_ENUM_CONVERSION = YES;
				CLANG_WARN_INT_CONVERSION = YES;
				CLANG_WARN_OBJC_ROOT_CLASS = YES_ERROR;
				CLANG_WARN_UNREACHABLE_CODE = YES;
				CLANG_WARN__DUPLICATE_METHOD_MATCH = YES;
				"CODE_SIGN_IDENTITY[sdk=iphoneos*]" = "iPhone Developer";
				COPY_PHASE_STRIP = NO;
				DEBUG_INFORMATION_FORMAT = "dwarf-with-dsym";
				ENABLE_NS_ASSERTIONS = NO;
				ENABLE_STRICT_OBJC_MSGSEND = YES;
				GCC_C_LANGUAGE_STANDARD = gnu99;
				GCC_NO_COMMON_BLOCKS = YES;
				GCC_WARN_64_TO_32_BIT_CONVERSION = YES;
				GCC_WARN_ABOUT_RETURN_TYPE = YES_ERROR;
				GCC_WARN_UNDECLARED_SELECTOR = YES;
				GCC_WARN_UNINITIALIZED_AUTOS = YES_AGGRESSIVE;
				GCC_WARN_UNUSED_FUNCTION = YES;
				GCC_WARN_UNUSED_VARIABLE = YES;
				IPHONEOS_DEPLOYMENT_TARGET = 9.3;
				MTL_ENABLE_DEBUG_INFO = NO;
				SDKROOT = iphoneos;
				VALIDATE_PRODUCT = YES;
			};
			name = Release;
		};
		37B3FC351CD24F5E00E8586E /* Debug */ = {
			isa = XCBuildConfiguration;
			buildSettings = {
				ASSETCATALOG_COMPILER_APPICON_NAME = AppIcon;
				INFOPLIST_FILE = finalCalculator/Info.plist;
				LD_RUNPATH_SEARCH_PATHS = "$(inherited) @executable_path/Frameworks";
				PRODUCT_BUNDLE_IDENTIFIER = com.skillsladder.finalCalculator;
				PRODUCT_NAME = "$(TARGET_NAME)";
			};
			name = Debug;
		};
		37B3FC361CD24F5E00E8586E /* Release */ = {
			isa = XCBuildConfiguration;
			buildSettings = {
				ASSETCATALOG_COMPILER_APPICON_NAME = AppIcon;
				INFOPLIST_FILE = finalCalculator/Info.plist;
				LD_RUNPATH_SEARCH_PATHS = "$(inherited) @executable_path/Frameworks";
				PRODUCT_BUNDLE_IDENTIFIER = com.skillsladder.finalCalculator;
				PRODUCT_NAME = "$(TARGET_NAME)";
			};
			name = Release;
		};
/* End XCBuildConfiguration section */

/* Begin XCConfigurationList section */
		37B3FC1D1CD24F5E00E8586E /* Build configuration list for PBXProject "finalcalculator2" */ = {
			isa = XCConfigurationList;
			buildConfigurations = (
				37B3FC321CD24F5E00E8586E /* Debug */,
				37B3FC331CD24F5E00E8586E /* Release */,
			);
			defaultConfigurationIsVisible = 0;
			defaultConfigurationName = Release;
		};
		37B3FC341CD24F5E00E8586E /* Build configuration list for PBXNativeTarget "finalCalculator" */ = {
			isa = XCConfigurationList;
			buildConfigurations = (
				37B3FC351CD24F5E00E8586E /* Debug */,
				37B3FC361CD24F5E00E8586E /* Release */,
			);
			defaultConfigurationIsVisible = 0;
			defaultConfigurationName = Release;
		};
/* End XCConfigurationList section */
	};
	rootObject = 37B3FC1A1CD24F5E00E8586E /* Project object */;
}
